PODS:
  - Hero (1.4.0)
  - SnapKit (5.0.1)
  - Then (2.5.0)

DEPENDENCIES:
  - Hero
  - SnapKit
  - Then

SPEC REPOS:
  https://github.com/cocoapods/specs.git:
    - Hero
    - SnapKit
    - Then

SPEC CHECKSUMS:
  Hero: bac92350d7201a1a940003e0767c7b52ce7c99a1
  SnapKit: 97b92857e3df3a0c71833cce143274bf6ef8e5eb
  Then: 0157115e883545c77967b452fe74a1d25fb796e1

PODFILE CHECKSUM: 0cefb98de07cb4301e9b6aa3c6de12ed3fb4eda2

COCOAPODS: 1.7.5
