// !$*UTF8*$!
{
	archiveVersion = 1;
	classes = {
	};
	objectVersion = 51;
	objects = {

/* Begin PBXBuildFile section */
		15EDBC9024C68425ED4A4702 /* Pods_Purdue_CS_Courses.framework in Frameworks */ = {isa = PBXBuildFile; fileRef = 86ABD9E33D18B7FAC070F94D /* Pods_Purdue_CS_Courses.framework */; };
		8330022023B84F7E00B92D95 /* CourseCenter.swift in Sources */ = {isa = PBXBuildFile; fileRef = 8330021F23B84F7E00B92D95 /* CourseCenter.swift */; };
		8341CA04230C37B3000E4F96 /* AppDelegate.swift in Sources */ = {isa = PBXBuildFile; fileRef = 8341CA03230C37B3000E4F96 /* AppDelegate.swift */; };
		8341CA06230C37B3000E4F96 /* CourseViewController.swift in Sources */ = {isa = PBXBuildFile; fileRef = 8341CA05230C37B3000E4F96 /* CourseViewController.swift */; };
		8341CA0B230C37B7000E4F96 /* Assets.xcassets in Resources */ = {isa = PBXBuildFile; fileRef = 8341CA0A230C37B7000E4F96 /* Assets.xcassets */; };
		8341CA0E230C37B7000E4F96 /* LaunchScreen.storyboard in Resources */ = {isa = PBXBuildFile; fileRef = 8341CA0C230C37B7000E4F96 /* LaunchScreen.storyboard */; };
		8341CA16230C38A5000E4F96 /* Course.swift in Sources */ = {isa = PBXBuildFile; fileRef = 8341CA15230C38A5000E4F96 /* Course.swift */; };
		8341CA18230DDB3D000E4F96 /* CourseCell.swift in Sources */ = {isa = PBXBuildFile; fileRef = 8341CA17230DDB3D000E4F96 /* CourseCell.swift */; };
		8341CA1C230EDC60000E4F96 /* HexToUIColor.swift in Sources */ = {isa = PBXBuildFile; fileRef = 8341CA1B230EDC60000E4F96 /* HexToUIColor.swift */; };
		8341CA25230EE0C8000E4F96 /* Tajawal-ExtraBold.ttf in Resources */ = {isa = PBXBuildFile; fileRef = 8341CA1E230EE0C8000E4F96 /* Tajawal-ExtraBold.ttf */; };
		8341CA26230EE0C8000E4F96 /* Tajawal-Light.ttf in Resources */ = {isa = PBXBuildFile; fileRef = 8341CA1F230EE0C8000E4F96 /* Tajawal-Light.ttf */; };
		8341CA27230EE0C8000E4F96 /* Tajawal-Bold.ttf in Resources */ = {isa = PBXBuildFile; fileRef = 8341CA20230EE0C8000E4F96 /* Tajawal-Bold.ttf */; };
		8341CA28230EE0C8000E4F96 /* Tajawal-ExtraLight.ttf in Resources */ = {isa = PBXBuildFile; fileRef = 8341CA21230EE0C8000E4F96 /* Tajawal-ExtraLight.ttf */; };
		8341CA29230EE0C8000E4F96 /* Tajawal-Regular.ttf in Resources */ = {isa = PBXBuildFile; fileRef = 8341CA22230EE0C8000E4F96 /* Tajawal-Regular.ttf */; };
		8341CA2A230EE0C8000E4F96 /* Tajawal-Medium.ttf in Resources */ = {isa = PBXBuildFile; fileRef = 8341CA23230EE0C8000E4F96 /* Tajawal-Medium.ttf */; };
		8341CA2B230EE0C8000E4F96 /* Tajawal-Black.ttf in Resources */ = {isa = PBXBuildFile; fileRef = 8341CA24230EE0C8000E4F96 /* Tajawal-Black.ttf */; };
		8341CA2E230F0D0F000E4F96 /* DetailViewController.swift in Sources */ = {isa = PBXBuildFile; fileRef = 8341CA2D230F0D0F000E4F96 /* DetailViewController.swift */; };
		83CBDB252313209A007FE257 /* DescriptionCell.swift in Sources */ = {isa = PBXBuildFile; fileRef = 83CBDB242313209A007FE257 /* DescriptionCell.swift */; };
		83E788B923157D7500DC1E31 /* StatisticCell.swift in Sources */ = {isa = PBXBuildFile; fileRef = 83E788B823157D7500DC1E31 /* StatisticCell.swift */; };
		83E788BB23157DA600DC1E31 /* AdviceCell.swift in Sources */ = {isa = PBXBuildFile; fileRef = 83E788BA23157DA600DC1E31 /* AdviceCell.swift */; };
		83E788BD23157DC300DC1E31 /* LiveChatCell.swift in Sources */ = {isa = PBXBuildFile; fileRef = 83E788BC23157DC300DC1E31 /* LiveChatCell.swift */; };
		83E788BF23158DF500DC1E31 /* MenuBar.swift in Sources */ = {isa = PBXBuildFile; fileRef = 83E788BE23158DF500DC1E31 /* MenuBar.swift */; };
		83E788C32315CDBE00DC1E31 /* BaseTableViewCell.swift in Sources */ = {isa = PBXBuildFile; fileRef = 83E788C22315CDBE00DC1E31 /* BaseTableViewCell.swift */; };
		83E788C52315CEF600DC1E31 /* BaseCollectionViewCell.swift in Sources */ = {isa = PBXBuildFile; fileRef = 83E788C42315CEF600DC1E31 /* BaseCollectionViewCell.swift */; };
		83E788C72316E36C00DC1E31 /* SurveyViewController.swift in Sources */ = {isa = PBXBuildFile; fileRef = 83E788C62316E36C00DC1E31 /* SurveyViewController.swift */; };
		83E788C92316E90300DC1E31 /* SurveyStatisticCell.swift in Sources */ = {isa = PBXBuildFile; fileRef = 83E788C82316E90300DC1E31 /* SurveyStatisticCell.swift */; };
		83FCB5812316EAED006634CE /* SurveyAdviceCell.swift in Sources */ = {isa = PBXBuildFile; fileRef = 83FCB5802316EAED006634CE /* SurveyAdviceCell.swift */; };
		83FCB5832316FF65006634CE /* BaseView.swift in Sources */ = {isa = PBXBuildFile; fileRef = 83FCB5822316FF65006634CE /* BaseView.swift */; };
		83FCB58A231B37A0006634CE /* SurveyData.swift in Sources */ = {isa = PBXBuildFile; fileRef = 83FCB589231B37A0006634CE /* SurveyData.swift */; };
		83FCB58C231C923F006634CE /* AdviceData.swift in Sources */ = {isa = PBXBuildFile; fileRef = 83FCB58B231C923F006634CE /* AdviceData.swift */; };
/* End PBXBuildFile section */

/* Begin PBXFileReference section */
		18C80AAAFCD51A24686E38E6 /* Pods-Purdue CS Courses.debug.xcconfig */ = {isa = PBXFileReference; includeInIndex = 1; lastKnownFileType = text.xcconfig; name = "Pods-Purdue CS Courses.debug.xcconfig"; path = "Target Support Files/Pods-Purdue CS Courses/Pods-Purdue CS Courses.debug.xcconfig"; sourceTree = "<group>"; };
		1F51AA10A3D19B78C629F3A0 /* Pods-Purdue CS Courses.release.xcconfig */ = {isa = PBXFileReference; includeInIndex = 1; lastKnownFileType = text.xcconfig; name = "Pods-Purdue CS Courses.release.xcconfig"; path = "Target Support Files/Pods-Purdue CS Courses/Pods-Purdue CS Courses.release.xcconfig"; sourceTree = "<group>"; };
		8330021F23B84F7E00B92D95 /* CourseCenter.swift */ = {isa = PBXFileReference; lastKnownFileType = sourcecode.swift; path = CourseCenter.swift; sourceTree = "<group>"; };
		8341CA00230C37B3000E4F96 /* Purdue CS Courses.app */ = {isa = PBXFileReference; explicitFileType = wrapper.application; includeInIndex = 0; path = "Purdue CS Courses.app"; sourceTree = BUILT_PRODUCTS_DIR; };
		8341CA03230C37B3000E4F96 /* AppDelegate.swift */ = {isa = PBXFileReference; lastKnownFileType = sourcecode.swift; path = AppDelegate.swift; sourceTree = "<group>"; };
		8341CA05230C37B3000E4F96 /* CourseViewController.swift */ = {isa = PBXFileReference; lastKnownFileType = sourcecode.swift; path = CourseViewController.swift; sourceTree = "<group>"; };
		8341CA0A230C37B7000E4F96 /* Assets.xcassets */ = {isa = PBXFileReference; lastKnownFileType = folder.assetcatalog; path = Assets.xcassets; sourceTree = "<group>"; };
		8341CA0D230C37B7000E4F96 /* Base */ = {isa = PBXFileReference; lastKnownFileType = file.storyboard; name = Base; path = Base.lproj/LaunchScreen.storyboard; sourceTree = "<group>"; };
		8341CA0F230C37B7000E4F96 /* Info.plist */ = {isa = PBXFileReference; lastKnownFileType = text.plist.xml; path = Info.plist; sourceTree = "<group>"; };
		8341CA15230C38A5000E4F96 /* Course.swift */ = {isa = PBXFileReference; lastKnownFileType = sourcecode.swift; path = Course.swift; sourceTree = "<group>"; };
		8341CA17230DDB3D000E4F96 /* CourseCell.swift */ = {isa = PBXFileReference; lastKnownFileType = sourcecode.swift; path = CourseCell.swift; sourceTree = "<group>"; };
		8341CA1B230EDC60000E4F96 /* HexToUIColor.swift */ = {isa = PBXFileReference; lastKnownFileType = sourcecode.swift; path = HexToUIColor.swift; sourceTree = "<group>"; };
		8341CA1E230EE0C8000E4F96 /* Tajawal-ExtraBold.ttf */ = {isa = PBXFileReference; lastKnownFileType = file; path = "Tajawal-ExtraBold.ttf"; sourceTree = "<group>"; };
		8341CA1F230EE0C8000E4F96 /* Tajawal-Light.ttf */ = {isa = PBXFileReference; lastKnownFileType = file; path = "Tajawal-Light.ttf"; sourceTree = "<group>"; };
		8341CA20230EE0C8000E4F96 /* Tajawal-Bold.ttf */ = {isa = PBXFileReference; lastKnownFileType = file; path = "Tajawal-Bold.ttf"; sourceTree = "<group>"; };
		8341CA21230EE0C8000E4F96 /* Tajawal-ExtraLight.ttf */ = {isa = PBXFileReference; lastKnownFileType = file; path = "Tajawal-ExtraLight.ttf"; sourceTree = "<group>"; };
		8341CA22230EE0C8000E4F96 /* Tajawal-Regular.ttf */ = {isa = PBXFileReference; lastKnownFileType = file; path = "Tajawal-Regular.ttf"; sourceTree = "<group>"; };
		8341CA23230EE0C8000E4F96 /* Tajawal-Medium.ttf */ = {isa = PBXFileReference; lastKnownFileType = file; path = "Tajawal-Medium.ttf"; sourceTree = "<group>"; };
		8341CA24230EE0C8000E4F96 /* Tajawal-Black.ttf */ = {isa = PBXFileReference; lastKnownFileType = file; path = "Tajawal-Black.ttf"; sourceTree = "<group>"; };
		8341CA2D230F0D0F000E4F96 /* DetailViewController.swift */ = {isa = PBXFileReference; lastKnownFileType = sourcecode.swift; name = DetailViewController.swift; path = "Purdue CS Courses/ViewControllers/DetailViewController.swift"; sourceTree = SOURCE_ROOT; };
		83CBDB242313209A007FE257 /* DescriptionCell.swift */ = {isa = PBXFileReference; lastKnownFileType = sourcecode.swift; path = DescriptionCell.swift; sourceTree = "<group>"; };
		83E788B823157D7500DC1E31 /* StatisticCell.swift */ = {isa = PBXFileReference; lastKnownFileType = sourcecode.swift; path = StatisticCell.swift; sourceTree = "<group>"; };
		83E788BA23157DA600DC1E31 /* AdviceCell.swift */ = {isa = PBXFileReference; lastKnownFileType = sourcecode.swift; path = AdviceCell.swift; sourceTree = "<group>"; };
		83E788BC23157DC300DC1E31 /* LiveChatCell.swift */ = {isa = PBXFileReference; lastKnownFileType = sourcecode.swift; path = LiveChatCell.swift; sourceTree = "<group>"; };
		83E788BE23158DF500DC1E31 /* MenuBar.swift */ = {isa = PBXFileReference; lastKnownFileType = sourcecode.swift; path = MenuBar.swift; sourceTree = "<group>"; };
		83E788C22315CDBE00DC1E31 /* BaseTableViewCell.swift */ = {isa = PBXFileReference; lastKnownFileType = sourcecode.swift; path = BaseTableViewCell.swift; sourceTree = "<group>"; };
		83E788C42315CEF600DC1E31 /* BaseCollectionViewCell.swift */ = {isa = PBXFileReference; lastKnownFileType = sourcecode.swift; path = BaseCollectionViewCell.swift; sourceTree = "<group>"; };
		83E788C62316E36C00DC1E31 /* SurveyViewController.swift */ = {isa = PBXFileReference; lastKnownFileType = sourcecode.swift; path = SurveyViewController.swift; sourceTree = "<group>"; };
		83E788C82316E90300DC1E31 /* SurveyStatisticCell.swift */ = {isa = PBXFileReference; lastKnownFileType = sourcecode.swift; path = SurveyStatisticCell.swift; sourceTree = "<group>"; };
		83FCB5802316EAED006634CE /* SurveyAdviceCell.swift */ = {isa = PBXFileReference; lastKnownFileType = sourcecode.swift; path = SurveyAdviceCell.swift; sourceTree = "<group>"; };
		83FCB5822316FF65006634CE /* BaseView.swift */ = {isa = PBXFileReference; lastKnownFileType = sourcecode.swift; path = BaseView.swift; sourceTree = "<group>"; };
		83FCB589231B37A0006634CE /* SurveyData.swift */ = {isa = PBXFileReference; lastKnownFileType = sourcecode.swift; path = SurveyData.swift; sourceTree = "<group>"; };
		83FCB58B231C923F006634CE /* AdviceData.swift */ = {isa = PBXFileReference; lastKnownFileType = sourcecode.swift; path = AdviceData.swift; sourceTree = "<group>"; };
		86ABD9E33D18B7FAC070F94D /* Pods_Purdue_CS_Courses.framework */ = {isa = PBXFileReference; explicitFileType = wrapper.framework; includeInIndex = 0; path = Pods_Purdue_CS_Courses.framework; sourceTree = BUILT_PRODUCTS_DIR; };
/* End PBXFileReference section */

/* Begin PBXFrameworksBuildPhase section */
		8341C9FD230C37B3000E4F96 /* Frameworks */ = {
			isa = PBXFrameworksBuildPhase;
			buildActionMask = 2147483647;
			files = (
				15EDBC9024C68425ED4A4702 /* Pods_Purdue_CS_Courses.framework in Frameworks */,
			);
			runOnlyForDeploymentPostprocessing = 0;
		};
/* End PBXFrameworksBuildPhase section */

/* Begin PBXGroup section */
		380A2A8DFF33A9A78EB8FAD9 /* Pods */ = {
			isa = PBXGroup;
			children = (
				18C80AAAFCD51A24686E38E6 /* Pods-Purdue CS Courses.debug.xcconfig */,
				1F51AA10A3D19B78C629F3A0 /* Pods-Purdue CS Courses.release.xcconfig */,
			);
			path = Pods;
			sourceTree = "<group>";
		};
		62C4B3F6940AC01F379B87B8 /* Frameworks */ = {
			isa = PBXGroup;
			children = (
				86ABD9E33D18B7FAC070F94D /* Pods_Purdue_CS_Courses.framework */,
			);
			name = Frameworks;
			sourceTree = "<group>";
		};
		8330021E23B84F4F00B92D95 /* Model */ = {
			isa = PBXGroup;
			children = (
				8330021F23B84F7E00B92D95 /* CourseCenter.swift */,
			);
			path = Model;
			sourceTree = "<group>";
		};
		8341C9F7230C37B3000E4F96 = {
			isa = PBXGroup;
			children = (
				8341CA02230C37B3000E4F96 /* Purdue CS Courses */,
				8341CA01230C37B3000E4F96 /* Products */,
				380A2A8DFF33A9A78EB8FAD9 /* Pods */,
				62C4B3F6940AC01F379B87B8 /* Frameworks */,
			);
			sourceTree = "<group>";
		};
		8341CA01230C37B3000E4F96 /* Products */ = {
			isa = PBXGroup;
			children = (
				8341CA00230C37B3000E4F96 /* Purdue CS Courses.app */,
			);
			name = Products;
			sourceTree = "<group>";
		};
		8341CA02230C37B3000E4F96 /* Purdue CS Courses */ = {
			isa = PBXGroup;
			children = (
				8341CA2C230EE0CC000E4F96 /* Fonts */,
				8330021E23B84F4F00B92D95 /* Model */,
				8341CA1A230DDF13000E4F96 /* ViewControllers */,
				8341CA19230DDF09000E4F96 /* TableView Cells */,
				83E788CC2316E94D00DC1E31 /* CollectionView Cells */,
				8341CA03230C37B3000E4F96 /* AppDelegate.swift */,
				83FCB5822316FF65006634CE /* BaseView.swift */,
				83E788BE23158DF500DC1E31 /* MenuBar.swift */,
				8341CA15230C38A5000E4F96 /* Course.swift */,
				83FCB589231B37A0006634CE /* SurveyData.swift */,
				83FCB58B231C923F006634CE /* AdviceData.swift */,
				8341CA1B230EDC60000E4F96 /* HexToUIColor.swift */,
				8341CA0A230C37B7000E4F96 /* Assets.xcassets */,
				8341CA0C230C37B7000E4F96 /* LaunchScreen.storyboard */,
				8341CA0F230C37B7000E4F96 /* Info.plist */,
			);
			path = "Purdue CS Courses";
			sourceTree = "<group>";
		};
		8341CA19230DDF09000E4F96 /* TableView Cells */ = {
			isa = PBXGroup;
			children = (
				83E788C22315CDBE00DC1E31 /* BaseTableViewCell.swift */,
				8341CA17230DDB3D000E4F96 /* CourseCell.swift */,
				83CBDB242313209A007FE257 /* DescriptionCell.swift */,
			);
			path = "TableView Cells";
			sourceTree = "<group>";
		};
		8341CA1A230DDF13000E4F96 /* ViewControllers */ = {
			isa = PBXGroup;
			children = (
				8341CA05230C37B3000E4F96 /* CourseViewController.swift */,
				8341CA2D230F0D0F000E4F96 /* DetailViewController.swift */,
				83E788C62316E36C00DC1E31 /* SurveyViewController.swift */,
			);
			path = ViewControllers;
			sourceTree = "<group>";
		};
		8341CA1D230EE0C8000E4F96 /* Tajawal */ = {
			isa = PBXGroup;
			children = (
				8341CA1E230EE0C8000E4F96 /* Tajawal-ExtraBold.ttf */,
				8341CA1F230EE0C8000E4F96 /* Tajawal-Light.ttf */,
				8341CA20230EE0C8000E4F96 /* Tajawal-Bold.ttf */,
				8341CA21230EE0C8000E4F96 /* Tajawal-ExtraLight.ttf */,
				8341CA22230EE0C8000E4F96 /* Tajawal-Regular.ttf */,
				8341CA23230EE0C8000E4F96 /* Tajawal-Medium.ttf */,
				8341CA24230EE0C8000E4F96 /* Tajawal-Black.ttf */,
			);
			path = Tajawal;
			sourceTree = "<group>";
		};
		8341CA2C230EE0CC000E4F96 /* Fonts */ = {
			isa = PBXGroup;
			children = (
				8341CA1D230EE0C8000E4F96 /* Tajawal */,
			);
			path = Fonts;
			sourceTree = "<group>";
		};
		83E788CC2316E94D00DC1E31 /* CollectionView Cells */ = {
			isa = PBXGroup;
			children = (
				83E788C42315CEF600DC1E31 /* BaseCollectionViewCell.swift */,
				83E788B823157D7500DC1E31 /* StatisticCell.swift */,
				83E788BA23157DA600DC1E31 /* AdviceCell.swift */,
				83E788BC23157DC300DC1E31 /* LiveChatCell.swift */,
				83E788C82316E90300DC1E31 /* SurveyStatisticCell.swift */,
				83FCB5802316EAED006634CE /* SurveyAdviceCell.swift */,
			);
			path = "CollectionView Cells";
			sourceTree = "<group>";
		};
/* End PBXGroup section */

/* Begin PBXNativeTarget section */
		8341C9FF230C37B3000E4F96 /* Purdue CS Courses */ = {
			isa = PBXNativeTarget;
			buildConfigurationList = 8341CA12230C37B7000E4F96 /* Build configuration list for PBXNativeTarget "Purdue CS Courses" */;
			buildPhases = (
				2A0A67E0C1735E77F88CCF51 /* [CP] Check Pods Manifest.lock */,
				8341C9FC230C37B3000E4F96 /* Sources */,
				8341C9FD230C37B3000E4F96 /* Frameworks */,
				8341C9FE230C37B3000E4F96 /* Resources */,
				2E7B2D7D5016DC7518502307 /* [CP] Embed Pods Frameworks */,
			);
			buildRules = (
			);
			dependencies = (
			);
			name = "Purdue CS Courses";
			productName = "Purdue CS Courses";
			productReference = 8341CA00230C37B3000E4F96 /* Purdue CS Courses.app */;
			productType = "com.apple.product-type.application";
		};
/* End PBXNativeTarget section */

/* Begin PBXProject section */
		8341C9F8230C37B3000E4F96 /* Project object */ = {
			isa = PBXProject;
			attributes = {
				LastSwiftUpdateCheck = 1030;
				LastUpgradeCheck = 1030;
				ORGANIZATIONNAME = com;
				TargetAttributes = {
					8341C9FF230C37B3000E4F96 = {
						CreatedOnToolsVersion = 10.3;
					};
				};
			};
			buildConfigurationList = 8341C9FB230C37B3000E4F96 /* Build configuration list for PBXProject "Purdue CS Courses" */;
			compatibilityVersion = "Xcode 9.3";
			developmentRegion = en;
			hasScannedForEncodings = 0;
			knownRegions = (
				en,
				Base,
			);
			mainGroup = 8341C9F7230C37B3000E4F96;
			productRefGroup = 8341CA01230C37B3000E4F96 /* Products */;
			projectDirPath = "";
			projectRoot = "";
			targets = (
				8341C9FF230C37B3000E4F96 /* Purdue CS Courses */,
			);
		};
/* End PBXProject section */

/* Begin PBXResourcesBuildPhase section */
		8341C9FE230C37B3000E4F96 /* Resources */ = {
			isa = PBXResourcesBuildPhase;
			buildActionMask = 2147483647;
			files = (
				8341CA2A230EE0C8000E4F96 /* Tajawal-Medium.ttf in Resources */,
				8341CA0E230C37B7000E4F96 /* LaunchScreen.storyboard in Resources */,
				8341CA25230EE0C8000E4F96 /* Tajawal-ExtraBold.ttf in Resources */,
				8341CA26230EE0C8000E4F96 /* Tajawal-Light.ttf in Resources */,
				8341CA28230EE0C8000E4F96 /* Tajawal-ExtraLight.ttf in Resources */,
				8341CA27230EE0C8000E4F96 /* Tajawal-Bold.ttf in Resources */,
				8341CA2B230EE0C8000E4F96 /* Tajawal-Black.ttf in Resources */,
				8341CA29230EE0C8000E4F96 /* Tajawal-Regular.ttf in Resources */,
				8341CA0B230C37B7000E4F96 /* Assets.xcassets in Resources */,
			);
			runOnlyForDeploymentPostprocessing = 0;
		};
/* End PBXResourcesBuildPhase section */

/* Begin PBXShellScriptBuildPhase section */
		2A0A67E0C1735E77F88CCF51 /* [CP] Check Pods Manifest.lock */ = {
			isa = PBXShellScriptBuildPhase;
			buildActionMask = 2147483647;
			files = (
			);
			inputFileListPaths = (
			);
			inputPaths = (
				"${PODS_PODFILE_DIR_PATH}/Podfile.lock",
				"${PODS_ROOT}/Manifest.lock",
			);
			name = "[CP] Check Pods Manifest.lock";
			outputFileListPaths = (
			);
			outputPaths = (
				"$(DERIVED_FILE_DIR)/Pods-Purdue CS Courses-checkManifestLockResult.txt",
			);
			runOnlyForDeploymentPostprocessing = 0;
			shellPath = /bin/sh;
			shellScript = "diff \"${PODS_PODFILE_DIR_PATH}/Podfile.lock\" \"${PODS_ROOT}/Manifest.lock\" > /dev/null\nif [ $? != 0 ] ; then\n    # print error to STDERR\n    echo \"error: The sandbox is not in sync with the Podfile.lock. Run 'pod install' or update your CocoaPods installation.\" >&2\n    exit 1\nfi\n# This output is used by Xcode 'outputs' to avoid re-running this script phase.\necho \"SUCCESS\" > \"${SCRIPT_OUTPUT_FILE_0}\"\n";
			showEnvVarsInLog = 0;
		};
		2E7B2D7D5016DC7518502307 /* [CP] Embed Pods Frameworks */ = {
			isa = PBXShellScriptBuildPhase;
			buildActionMask = 2147483647;
			files = (
			);
			inputFileListPaths = (
				"${PODS_ROOT}/Target Support Files/Pods-Purdue CS Courses/Pods-Purdue CS Courses-frameworks-${CONFIGURATION}-input-files.xcfilelist",
			);
			name = "[CP] Embed Pods Frameworks";
			outputFileListPaths = (
				"${PODS_ROOT}/Target Support Files/Pods-Purdue CS Courses/Pods-Purdue CS Courses-frameworks-${CONFIGURATION}-output-files.xcfilelist",
			);
			runOnlyForDeploymentPostprocessing = 0;
			shellPath = /bin/sh;
			shellScript = "\"${PODS_ROOT}/Target Support Files/Pods-Purdue CS Courses/Pods-Purdue CS Courses-frameworks.sh\"\n";
			showEnvVarsInLog = 0;
		};
/* End PBXShellScriptBuildPhase section */

/* Begin PBXSourcesBuildPhase section */
		8341C9FC230C37B3000E4F96 /* Sources */ = {
			isa = PBXSourcesBuildPhase;
			buildActionMask = 2147483647;
			files = (
				8341CA18230DDB3D000E4F96 /* CourseCell.swift in Sources */,
				83CBDB252313209A007FE257 /* DescriptionCell.swift in Sources */,
				83E788B923157D7500DC1E31 /* StatisticCell.swift in Sources */,
				83FCB5832316FF65006634CE /* BaseView.swift in Sources */,
				8341CA16230C38A5000E4F96 /* Course.swift in Sources */,
				83E788C32315CDBE00DC1E31 /* BaseTableViewCell.swift in Sources */,
				83E788C92316E90300DC1E31 /* SurveyStatisticCell.swift in Sources */,
				8341CA06230C37B3000E4F96 /* CourseViewController.swift in Sources */,
				8341CA2E230F0D0F000E4F96 /* DetailViewController.swift in Sources */,
				8341CA04230C37B3000E4F96 /* AppDelegate.swift in Sources */,
				83E788C72316E36C00DC1E31 /* SurveyViewController.swift in Sources */,
				8330022023B84F7E00B92D95 /* CourseCenter.swift in Sources */,
				83FCB58A231B37A0006634CE /* SurveyData.swift in Sources */,
				83E788BD23157DC300DC1E31 /* LiveChatCell.swift in Sources */,
				83FCB5812316EAED006634CE /* SurveyAdviceCell.swift in Sources */,
				8341CA1C230EDC60000E4F96 /* HexToUIColor.swift in Sources */,
				83E788BF23158DF500DC1E31 /* MenuBar.swift in Sources */,
				83FCB58C231C923F006634CE /* AdviceData.swift in Sources */,
				83E788C52315CEF600DC1E31 /* BaseCollectionViewCell.swift in Sources */,
				83E788BB23157DA600DC1E31 /* AdviceCell.swift in Sources */,
			);
			runOnlyForDeploymentPostprocessing = 0;
		};
/* End PBXSourcesBuildPhase section */

/* Begin PBXVariantGroup section */
		8341CA0C230C37B7000E4F96 /* LaunchScreen.storyboard */ = {
			isa = PBXVariantGroup;
			children = (
				8341CA0D230C37B7000E4F96 /* Base */,
			);
			name = LaunchScreen.storyboard;
			sourceTree = "<group>";
		};
/* End PBXVariantGroup section */

/* Begin XCBuildConfiguration section */
		8341CA10230C37B7000E4F96 /* Debug */ = {
			isa = XCBuildConfiguration;
			buildSettings = {
				ALWAYS_SEARCH_USER_PATHS = NO;
				CLANG_ANALYZER_NONNULL = YES;
				CLANG_ANALYZER_NUMBER_OBJECT_CONVERSION = YES_AGGRESSIVE;
				CLANG_CXX_LANGUAGE_STANDARD = "gnu++14";
				CLANG_CXX_LIBRARY = "libc++";
				CLANG_ENABLE_MODULES = YES;
				CLANG_ENABLE_OBJC_ARC = YES;
				CLANG_ENABLE_OBJC_WEAK = YES;
				CLANG_WARN_BLOCK_CAPTURE_AUTORELEASING = YES;
				CLANG_WARN_BOOL_CONVERSION = YES;
				CLANG_WARN_COMMA = YES;
				CLANG_WARN_CONSTANT_CONVERSION = YES;
				CLANG_WARN_DEPRECATED_OBJC_IMPLEMENTATIONS = YES;
				CLANG_WARN_DIRECT_OBJC_ISA_USAGE = YES_ERROR;
				CLANG_WARN_DOCUMENTATION_COMMENTS = YES;
				CLANG_WARN_EMPTY_BODY = YES;
				CLANG_WARN_ENUM_CONVERSION = YES;
				CLANG_WARN_INFINITE_RECURSION = YES;
				CLANG_WARN_INT_CONVERSION = YES;
				CLANG_WARN_NON_LITERAL_NULL_CONVERSION = YES;
				CLANG_WARN_OBJC_IMPLICIT_RETAIN_SELF = YES;
				CLANG_WARN_OBJC_LITERAL_CONVERSION = YES;
				CLANG_WARN_OBJC_ROOT_CLASS = YES_ERROR;
				CLANG_WARN_RANGE_LOOP_ANALYSIS = YES;
				CLANG_WARN_STRICT_PROTOTYPES = YES;
				CLANG_WARN_SUSPICIOUS_MOVE = YES;
				CLANG_WARN_UNGUARDED_AVAILABILITY = YES_AGGRESSIVE;
				CLANG_WARN_UNREACHABLE_CODE = YES;
				CLANG_WARN__DUPLICATE_METHOD_MATCH = YES;
				CODE_SIGN_IDENTITY = "iPhone Developer";
				COPY_PHASE_STRIP = NO;
				DEBUG_INFORMATION_FORMAT = dwarf;
				ENABLE_STRICT_OBJC_MSGSEND = YES;
				ENABLE_TESTABILITY = YES;
				GCC_C_LANGUAGE_STANDARD = gnu11;
				GCC_DYNAMIC_NO_PIC = NO;
				GCC_NO_COMMON_BLOCKS = YES;
				GCC_OPTIMIZATION_LEVEL = 0;
				GCC_PREPROCESSOR_DEFINITIONS = (
					"DEBUG=1",
					"$(inherited)",
				);
				GCC_WARN_64_TO_32_BIT_CONVERSION = YES;
				GCC_WARN_ABOUT_RETURN_TYPE = YES_ERROR;
				GCC_WARN_UNDECLARED_SELECTOR = YES;
				GCC_WARN_UNINITIALIZED_AUTOS = YES_AGGRESSIVE;
				GCC_WARN_UNUSED_FUNCTION = YES;
				GCC_WARN_UNUSED_VARIABLE = YES;
				IPHONEOS_DEPLOYMENT_TARGET = 12.4;
				MTL_ENABLE_DEBUG_INFO = INCLUDE_SOURCE;
				MTL_FAST_MATH = YES;
				ONLY_ACTIVE_ARCH = YES;
				SDKROOT = iphoneos;
				SWIFT_ACTIVE_COMPILATION_CONDITIONS = DEBUG;
				SWIFT_OPTIMIZATION_LEVEL = "-Onone";
			};
			name = Debug;
		};
		8341CA11230C37B7000E4F96 /* Release */ = {
			isa = XCBuildConfiguration;
			buildSettings = {
				ALWAYS_SEARCH_USER_PATHS = NO;
				CLANG_ANALYZER_NONNULL = YES;
				CLANG_ANALYZER_NUMBER_OBJECT_CONVERSION = YES_AGGRESSIVE;
				CLANG_CXX_LANGUAGE_STANDARD = "gnu++14";
				CLANG_CXX_LIBRARY = "libc++";
				CLANG_ENABLE_MODULES = YES;
				CLANG_ENABLE_OBJC_ARC = YES;
				CLANG_ENABLE_OBJC_WEAK = YES;
				CLANG_WARN_BLOCK_CAPTURE_AUTORELEASING = YES;
				CLANG_WARN_BOOL_CONVERSION = YES;
				CLANG_WARN_COMMA = YES;
				CLANG_WARN_CONSTANT_CONVERSION = YES;
				CLANG_WARN_DEPRECATED_OBJC_IMPLEMENTATIONS = YES;
				CLANG_WARN_DIRECT_OBJC_ISA_USAGE = YES_ERROR;
				CLANG_WARN_DOCUMENTATION_COMMENTS = YES;
				CLANG_WARN_EMPTY_BODY = YES;
				CLANG_WARN_ENUM_CONVERSION = YES;
				CLANG_WARN_INFINITE_RECURSION = YES;
				CLANG_WARN_INT_CONVERSION = YES;
				CLANG_WARN_NON_LITERAL_NULL_CONVERSION = YES;
				CLANG_WARN_OBJC_IMPLICIT_RETAIN_SELF = YES;
				CLANG_WARN_OBJC_LITERAL_CONVERSION = YES;
				CLANG_WARN_OBJC_ROOT_CLASS = YES_ERROR;
				CLANG_WARN_RANGE_LOOP_ANALYSIS = YES;
				CLANG_WARN_STRICT_PROTOTYPES = YES;
				CLANG_WARN_SUSPICIOUS_MOVE = YES;
				CLANG_WARN_UNGUARDED_AVAILABILITY = YES_AGGRESSIVE;
				CLANG_WARN_UNREACHABLE_CODE = YES;
				CLANG_WARN__DUPLICATE_METHOD_MATCH = YES;
				CODE_SIGN_IDENTITY = "iPhone Developer";
				COPY_PHASE_STRIP = NO;
				DEBUG_INFORMATION_FORMAT = "dwarf-with-dsym";
				ENABLE_NS_ASSERTIONS = NO;
				ENABLE_STRICT_OBJC_MSGSEND = YES;
				GCC_C_LANGUAGE_STANDARD = gnu11;
				GCC_NO_COMMON_BLOCKS = YES;
				GCC_WARN_64_TO_32_BIT_CONVERSION = YES;
				GCC_WARN_ABOUT_RETURN_TYPE = YES_ERROR;
				GCC_WARN_UNDECLARED_SELECTOR = YES;
				GCC_WARN_UNINITIALIZED_AUTOS = YES_AGGRESSIVE;
				GCC_WARN_UNUSED_FUNCTION = YES;
				GCC_WARN_UNUSED_VARIABLE = YES;
				IPHONEOS_DEPLOYMENT_TARGET = 12.4;
				MTL_ENABLE_DEBUG_INFO = NO;
				MTL_FAST_MATH = YES;
				SDKROOT = iphoneos;
				SWIFT_COMPILATION_MODE = wholemodule;
				SWIFT_OPTIMIZATION_LEVEL = "-O";
				VALIDATE_PRODUCT = YES;
			};
			name = Release;
		};
		8341CA13230C37B7000E4F96 /* Debug */ = {
			isa = XCBuildConfiguration;
			baseConfigurationReference = 18C80AAAFCD51A24686E38E6 /* Pods-Purdue CS Courses.debug.xcconfig */;
			buildSettings = {
				ASSETCATALOG_COMPILER_APPICON_NAME = AppIcon;
				CODE_SIGN_STYLE = Automatic;
				DEVELOPMENT_TEAM = WVUX7X2RG6;
				INFOPLIST_FILE = "Purdue CS Courses/Info.plist";
				LD_RUNPATH_SEARCH_PATHS = (
					"$(inherited)",
					"@executable_path/Frameworks",
				);
				PRODUCT_BUNDLE_IDENTIFIER = "com.Purdue-CS-Courses";
				PRODUCT_NAME = "$(TARGET_NAME)";
				SWIFT_VERSION = 5.0;
				TARGETED_DEVICE_FAMILY = "1,2";
			};
			name = Debug;
		};
		8341CA14230C37B7000E4F96 /* Release */ = {
			isa = XCBuildConfiguration;
			baseConfigurationReference = 1F51AA10A3D19B78C629F3A0 /* Pods-Purdue CS Courses.release.xcconfig */;
			buildSettings = {
				ASSETCATALOG_COMPILER_APPICON_NAME = AppIcon;
				CODE_SIGN_STYLE = Automatic;
				DEVELOPMENT_TEAM = WVUX7X2RG6;
				INFOPLIST_FILE = "Purdue CS Courses/Info.plist";
				LD_RUNPATH_SEARCH_PATHS = (
					"$(inherited)",
					"@executable_path/Frameworks",
				);
				PRODUCT_BUNDLE_IDENTIFIER = "com.Purdue-CS-Courses";
				PRODUCT_NAME = "$(TARGET_NAME)";
				SWIFT_VERSION = 5.0;
				TARGETED_DEVICE_FAMILY = "1,2";
			};
			name = Release;
		};
/* End XCBuildConfiguration section */

/* Begin XCConfigurationList section */
		8341C9FB230C37B3000E4F96 /* Build configuration list for PBXProject "Purdue CS Courses" */ = {
			isa = XCConfigurationList;
			buildConfigurations = (
				8341CA10230C37B7000E4F96 /* Debug */,
				8341CA11230C37B7000E4F96 /* Release */,
			);
			defaultConfigurationIsVisible = 0;
			defaultConfigurationName = Release;
		};
		8341CA12230C37B7000E4F96 /* Build configuration list for PBXNativeTarget "Purdue CS Courses" */ = {
			isa = XCConfigurationList;
			buildConfigurations = (
				8341CA13230C37B7000E4F96 /* Debug */,
				8341CA14230C37B7000E4F96 /* Release */,
			);
			defaultConfigurationIsVisible = 0;
			defaultConfigurationName = Release;
		};
/* End XCConfigurationList section */
	};
	rootObject = 8341C9F8230C37B3000E4F96 /* Project object */;
}
